// !$*UTF8*$!
{
	archiveVersion = 1;
	classes = {
	};
	objectVersion = 46;
	objects = {

/* Begin PBXBuildFile section */
		281A27238F2434BC816B2A02 /* libPods-iotbeacon.a in Frameworks */ = {isa = PBXBuildFile; fileRef = 1F262D0591D737ED7EBD5D26 /* libPods-iotbeacon.a */; };
		D024534C1CABADB7007B0A1D /* AFHTTPRequestOperation.m in Sources */ = {isa = PBXBuildFile; fileRef = D02453281CABADB7007B0A1D /* AFHTTPRequestOperation.m */; };
		D024534D1CABADB7007B0A1D /* AFHTTPRequestOperationManager.m in Sources */ = {isa = PBXBuildFile; fileRef = D024532A1CABADB7007B0A1D /* AFHTTPRequestOperationManager.m */; };
		D024534E1CABADB7007B0A1D /* AFHTTPSessionManager.m in Sources */ = {isa = PBXBuildFile; fileRef = D024532C1CABADB7007B0A1D /* AFHTTPSessionManager.m */; };
		D024534F1CABADB7007B0A1D /* AFNetworkReachabilityManager.m in Sources */ = {isa = PBXBuildFile; fileRef = D024532F1CABADB7007B0A1D /* AFNetworkReachabilityManager.m */; };
		D02453501CABADB7007B0A1D /* AFSecurityPolicy.m in Sources */ = {isa = PBXBuildFile; fileRef = D02453311CABADB7007B0A1D /* AFSecurityPolicy.m */; };
		D02453511CABADB7007B0A1D /* AFURLConnectionOperation.m in Sources */ = {isa = PBXBuildFile; fileRef = D02453331CABADB7007B0A1D /* AFURLConnectionOperation.m */; };
		D02453521CABADB7007B0A1D /* AFURLRequestSerialization.m in Sources */ = {isa = PBXBuildFile; fileRef = D02453351CABADB7007B0A1D /* AFURLRequestSerialization.m */; };
		D02453531CABADB7007B0A1D /* AFURLResponseSerialization.m in Sources */ = {isa = PBXBuildFile; fileRef = D02453371CABADB7007B0A1D /* AFURLResponseSerialization.m */; };
		D02453541CABADB7007B0A1D /* AFURLSessionManager.m in Sources */ = {isa = PBXBuildFile; fileRef = D02453391CABADB7007B0A1D /* AFURLSessionManager.m */; };
		D02453551CABADB7007B0A1D /* AFNetworkActivityIndicatorManager.m in Sources */ = {isa = PBXBuildFile; fileRef = D024533C1CABADB7007B0A1D /* AFNetworkActivityIndicatorManager.m */; };
		D02453561CABADB7007B0A1D /* UIActivityIndicatorView+AFNetworking.m in Sources */ = {isa = PBXBuildFile; fileRef = D024533E1CABADB7007B0A1D /* UIActivityIndicatorView+AFNetworking.m */; };
		D02453571CABADB7007B0A1D /* UIAlertView+AFNetworking.m in Sources */ = {isa = PBXBuildFile; fileRef = D02453401CABADB7007B0A1D /* UIAlertView+AFNetworking.m */; };
		D02453581CABADB7007B0A1D /* UIButton+AFNetworking.m in Sources */ = {isa = PBXBuildFile; fileRef = D02453421CABADB7007B0A1D /* UIButton+AFNetworking.m */; };
		D02453591CABADB7007B0A1D /* UIImageView+AFNetworking.m in Sources */ = {isa = PBXBuildFile; fileRef = D02453441CABADB7007B0A1D /* UIImageView+AFNetworking.m */; };
		D024535A1CABADB7007B0A1D /* UIProgressView+AFNetworking.m in Sources */ = {isa = PBXBuildFile; fileRef = D02453471CABADB7007B0A1D /* UIProgressView+AFNetworking.m */; };
		D024535B1CABADB7007B0A1D /* UIRefreshControl+AFNetworking.m in Sources */ = {isa = PBXBuildFile; fileRef = D02453491CABADB7007B0A1D /* UIRefreshControl+AFNetworking.m */; };
		D024535C1CABADB7007B0A1D /* UIWebView+AFNetworking.m in Sources */ = {isa = PBXBuildFile; fileRef = D024534B1CABADB7007B0A1D /* UIWebView+AFNetworking.m */; };
		D025E7B01C84726A002CE743 /* BeaconSettingsController.m in Sources */ = {isa = PBXBuildFile; fileRef = D025E7AF1C84726A002CE743 /* BeaconSettingsController.m */; };
		D03498121CDB3F0F008FAF04 /* beacon.png in Resources */ = {isa = PBXBuildFile; fileRef = D03498101CDB3F0F008FAF04 /* beacon.png */; };
		D03498131CDB3F0F008FAF04 /* home.png in Resources */ = {isa = PBXBuildFile; fileRef = D03498111CDB3F0F008FAF04 /* home.png */; };
		D03498151CDB6431008FAF04 /* beacon_icon.png in Resources */ = {isa = PBXBuildFile; fileRef = D03498141CDB6431008FAF04 /* beacon_icon.png */; };
		D0565D1E1CCA3834000CC3BB /* GoogleService-Info.plist in Resources */ = {isa = PBXBuildFile; fileRef = D0565D1D1CCA3834000CC3BB /* GoogleService-Info.plist */; };
		D0565D321CD09DB1000CC3BB /* BIShop_icon_for_AppStore.png in Resources */ = {isa = PBXBuildFile; fileRef = D0565D201CD09DB1000CC3BB /* BIShop_icon_for_AppStore.png */; };
		D0565D331CD09DB1000CC3BB /* BIShop_icon_for_AppStore.png in Resources */ = {isa = PBXBuildFile; fileRef = D0565D221CD09DB1000CC3BB /* BIShop_icon_for_AppStore.png */; };
		D0565D341CD09DB1000CC3BB /* BIShop_iPhone(4-6)_Apps.png in Resources */ = {isa = PBXBuildFile; fileRef = D0565D231CD09DB1000CC3BB /* BIShop_iPhone(4-6)_Apps.png */; };
		D0565D351CD09DB1000CC3BB /* BIShop_iPhone(4-6)_settings.png in Resources */ = {isa = PBXBuildFile; fileRef = D0565D241CD09DB1000CC3BB /* BIShop_iPhone(4-6)_settings.png */; };
		D0565D361CD09DB1000CC3BB /* BIShop_iPhone(4-6)_Spotlight.png in Resources */ = {isa = PBXBuildFile; fileRef = D0565D251CD09DB1000CC3BB /* BIShop_iPhone(4-6)_Spotlight.png */; };
		D0565D371CD09DB1000CC3BB /* BIShop_iPhone6+_Apps.png in Resources */ = {isa = PBXBuildFile; fileRef = D0565D261CD09DB1000CC3BB /* BIShop_iPhone6+_Apps.png */; };
		D0565D381CD09DB1000CC3BB /* BIShop_iPhone6+_settings.png in Resources */ = {isa = PBXBuildFile; fileRef = D0565D271CD09DB1000CC3BB /* BIShop_iPhone6+_settings.png */; };
		D0565D391CD09DB1000CC3BB /* BIShop_iPhone6+_Spotlight.png in Resources */ = {isa = PBXBuildFile; fileRef = D0565D281CD09DB1000CC3BB /* BIShop_iPhone6+_Spotlight.png */; };
		D0565D3A1CD09DB1000CC3BB /* BIShop_old_iPad_Apps.png in Resources */ = {isa = PBXBuildFile; fileRef = D0565D291CD09DB1000CC3BB /* BIShop_old_iPad_Apps.png */; };
		D0565D3B1CD09DB1000CC3BB /* BIShop_old_iPad_settings.png in Resources */ = {isa = PBXBuildFile; fileRef = D0565D2A1CD09DB1000CC3BB /* BIShop_old_iPad_settings.png */; };
		D0565D3C1CD09DB1000CC3BB /* BIShop_old_iPad_Spotlight.png in Resources */ = {isa = PBXBuildFile; fileRef = D0565D2B1CD09DB1000CC3BB /* BIShop_old_iPad_Spotlight.png */; };
		D0565D3D1CD09DB1000CC3BB /* BIShop_old_iPhone_Apps.png in Resources */ = {isa = PBXBuildFile; fileRef = D0565D2C1CD09DB1000CC3BB /* BIShop_old_iPhone_Apps.png */; };
		D0565D3E1CD09DB1000CC3BB /* BIShop_old_iPhone_settings.png in Resources */ = {isa = PBXBuildFile; fileRef = D0565D2D1CD09DB1000CC3BB /* BIShop_old_iPhone_settings.png */; };
		D0565D3F1CD09DB1000CC3BB /* BIShop_old_iPhone_Spotlight.png in Resources */ = {isa = PBXBuildFile; fileRef = D0565D2E1CD09DB1000CC3BB /* BIShop_old_iPhone_Spotlight.png */; };
		D0565D401CD09DB1000CC3BB /* BIShop_Retina_iPad_Apps.png in Resources */ = {isa = PBXBuildFile; fileRef = D0565D2F1CD09DB1000CC3BB /* BIShop_Retina_iPad_Apps.png */; };
		D0565D411CD09DB1000CC3BB /* BIShop_Retina_iPad_settings.png in Resources */ = {isa = PBXBuildFile; fileRef = D0565D301CD09DB1000CC3BB /* BIShop_Retina_iPad_settings.png */; };
		D0565D421CD09DB1000CC3BB /* BIShop_Retina_iPad_Spotlight.png in Resources */ = {isa = PBXBuildFile; fileRef = D0565D311CD09DB1000CC3BB /* BIShop_Retina_iPad_Spotlight.png */; };
		D07E30131C47C9BB001EA160 /* MainController.m in Sources */ = {isa = PBXBuildFile; fileRef = D07E30121C47C9BB001EA160 /* MainController.m */; };
		D07E30191C47D1C4001EA160 /* UserData.m in Sources */ = {isa = PBXBuildFile; fileRef = D07E30181C47D1C4001EA160 /* UserData.m */; };
		D07E301F1C4D1C0A001EA160 /* SettingsController.m in Sources */ = {isa = PBXBuildFile; fileRef = D07E301E1C4D1C0A001EA160 /* SettingsController.m */; };
		D07E30221C4D2C9A001EA160 /* DismissSegue.m in Sources */ = {isa = PBXBuildFile; fileRef = D07E30211C4D2C9A001EA160 /* DismissSegue.m */; };
		D07E30241C4D317E001EA160 /* settings.plist in Resources */ = {isa = PBXBuildFile; fileRef = D07E30231C4D317E001EA160 /* settings.plist */; };
		D09616DC1C2C1B340004C4F9 /* main.m in Sources */ = {isa = PBXBuildFile; fileRef = D09616DB1C2C1B340004C4F9 /* main.m */; };
		D09616DF1C2C1B340004C4F9 /* AppDelegate.m in Sources */ = {isa = PBXBuildFile; fileRef = D09616DE1C2C1B340004C4F9 /* AppDelegate.m */; };
		D09616E51C2C1B350004C4F9 /* Main.storyboard in Resources */ = {isa = PBXBuildFile; fileRef = D09616E31C2C1B350004C4F9 /* Main.storyboard */; };
		D09616E71C2C1B350004C4F9 /* Assets.xcassets in Resources */ = {isa = PBXBuildFile; fileRef = D09616E61C2C1B350004C4F9 /* Assets.xcassets */; };
		D09616EA1C2C1B350004C4F9 /* LaunchScreen.storyboard in Resources */ = {isa = PBXBuildFile; fileRef = D09616E81C2C1B350004C4F9 /* LaunchScreen.storyboard */; };
		D09617101C32B2B20004C4F9 /* beacons.json in Resources */ = {isa = PBXBuildFile; fileRef = D096170F1C32B2B20004C4F9 /* beacons.json */; };
		D09617121C32B8910004C4F9 /* CoreLocation.framework in Frameworks */ = {isa = PBXBuildFile; fileRef = D09617111C32B8910004C4F9 /* CoreLocation.framework */; };
		D0D701401CE1CF8900D946E5 /* buttons.png in Resources */ = {isa = PBXBuildFile; fileRef = D0D7013F1CE1CF8900D946E5 /* buttons.png */; };
		D0D701481CE276E800D946E5 /* NSString+S2MNotificationHelper.m in Sources */ = {isa = PBXBuildFile; fileRef = D0D701431CE276E800D946E5 /* NSString+S2MNotificationHelper.m */; };
		D0D701491CE276E800D946E5 /* S2MNotificationHelper.m in Sources */ = {isa = PBXBuildFile; fileRef = D0D701451CE276E800D946E5 /* S2MNotificationHelper.m */; };
		D0D7014A1CE276E800D946E5 /* UILocalNotification+S2MNotificationHelper.m in Sources */ = {isa = PBXBuildFile; fileRef = D0D701471CE276E800D946E5 /* UILocalNotification+S2MNotificationHelper.m */; };
		D0D7014C1CE27C9600D946E5 /* SystemConfiguration.framework in Frameworks */ = {isa = PBXBuildFile; fileRef = D0D7014B1CE27C9600D946E5 /* SystemConfiguration.framework */; };
		D0D701501CE27E1000D946E5 /* Reachability.m in Sources */ = {isa = PBXBuildFile; fileRef = D0D7014F1CE27E1000D946E5 /* Reachability.m */; };
		D0F6F2741C73372F00B2036E /* libAPI.a in Frameworks */ = {isa = PBXBuildFile; fileRef = D0F6F2731C73372F00B2036E /* libAPI.a */; };
/* End PBXBuildFile section */

/* Begin PBXFileReference section */
		1F262D0591D737ED7EBD5D26 /* libPods-iotbeacon.a */ = {isa = PBXFileReference; explicitFileType = archive.ar; includeInIndex = 0; path = "libPods-iotbeacon.a"; sourceTree = BUILT_PRODUCTS_DIR; };
		A8F5D92C8D120ADB2DF7BAE3 /* Pods-iotbeacon.debug.xcconfig */ = {isa = PBXFileReference; includeInIndex = 1; lastKnownFileType = text.xcconfig; name = "Pods-iotbeacon.debug.xcconfig"; path = "Pods/Target Support Files/Pods-iotbeacon/Pods-iotbeacon.debug.xcconfig"; sourceTree = "<group>"; };
		D02453271CABADB7007B0A1D /* AFHTTPRequestOperation.h */ = {isa = PBXFileReference; fileEncoding = 4; lastKnownFileType = sourcecode.c.h; path = AFHTTPRequestOperation.h; sourceTree = "<group>"; };
		D02453281CABADB7007B0A1D /* AFHTTPRequestOperation.m */ = {isa = PBXFileReference; fileEncoding = 4; lastKnownFileType = sourcecode.c.objc; path = AFHTTPRequestOperation.m; sourceTree = "<group>"; };
		D02453291CABADB7007B0A1D /* AFHTTPRequestOperationManager.h */ = {isa = PBXFileReference; fileEncoding = 4; lastKnownFileType = sourcecode.c.h; path = AFHTTPRequestOperationManager.h; sourceTree = "<group>"; };
		D024532A1CABADB7007B0A1D /* AFHTTPRequestOperationManager.m */ = {isa = PBXFileReference; fileEncoding = 4; lastKnownFileType = sourcecode.c.objc; path = AFHTTPRequestOperationManager.m; sourceTree = "<group>"; };
		D024532B1CABADB7007B0A1D /* AFHTTPSessionManager.h */ = {isa = PBXFileReference; fileEncoding = 4; lastKnownFileType = sourcecode.c.h; path = AFHTTPSessionManager.h; sourceTree = "<group>"; };
		D024532C1CABADB7007B0A1D /* AFHTTPSessionManager.m */ = {isa = PBXFileReference; fileEncoding = 4; lastKnownFileType = sourcecode.c.objc; path = AFHTTPSessionManager.m; sourceTree = "<group>"; };
		D024532D1CABADB7007B0A1D /* AFNetworking.h */ = {isa = PBXFileReference; fileEncoding = 4; lastKnownFileType = sourcecode.c.h; path = AFNetworking.h; sourceTree = "<group>"; };
		D024532E1CABADB7007B0A1D /* AFNetworkReachabilityManager.h */ = {isa = PBXFileReference; fileEncoding = 4; lastKnownFileType = sourcecode.c.h; path = AFNetworkReachabilityManager.h; sourceTree = "<group>"; };
		D024532F1CABADB7007B0A1D /* AFNetworkReachabilityManager.m */ = {isa = PBXFileReference; fileEncoding = 4; lastKnownFileType = sourcecode.c.objc; path = AFNetworkReachabilityManager.m; sourceTree = "<group>"; };
		D02453301CABADB7007B0A1D /* AFSecurityPolicy.h */ = {isa = PBXFileReference; fileEncoding = 4; lastKnownFileType = sourcecode.c.h; path = AFSecurityPolicy.h; sourceTree = "<group>"; };
		D02453311CABADB7007B0A1D /* AFSecurityPolicy.m */ = {isa = PBXFileReference; fileEncoding = 4; lastKnownFileType = sourcecode.c.objc; path = AFSecurityPolicy.m; sourceTree = "<group>"; };
		D02453321CABADB7007B0A1D /* AFURLConnectionOperation.h */ = {isa = PBXFileReference; fileEncoding = 4; lastKnownFileType = sourcecode.c.h; path = AFURLConnectionOperation.h; sourceTree = "<group>"; };
		D02453331CABADB7007B0A1D /* AFURLConnectionOperation.m */ = {isa = PBXFileReference; fileEncoding = 4; lastKnownFileType = sourcecode.c.objc; path = AFURLConnectionOperation.m; sourceTree = "<group>"; };
		D02453341CABADB7007B0A1D /* AFURLRequestSerialization.h */ = {isa = PBXFileReference; fileEncoding = 4; lastKnownFileType = sourcecode.c.h; path = AFURLRequestSerialization.h; sourceTree = "<group>"; };
		D02453351CABADB7007B0A1D /* AFURLRequestSerialization.m */ = {isa = PBXFileReference; fileEncoding = 4; lastKnownFileType = sourcecode.c.objc; path = AFURLRequestSerialization.m; sourceTree = "<group>"; };
		D02453361CABADB7007B0A1D /* AFURLResponseSerialization.h */ = {isa = PBXFileReference; fileEncoding = 4; lastKnownFileType = sourcecode.c.h; path = AFURLResponseSerialization.h; sourceTree = "<group>"; };
		D02453371CABADB7007B0A1D /* AFURLResponseSerialization.m */ = {isa = PBXFileReference; fileEncoding = 4; lastKnownFileType = sourcecode.c.objc; path = AFURLResponseSerialization.m; sourceTree = "<group>"; };
		D02453381CABADB7007B0A1D /* AFURLSessionManager.h */ = {isa = PBXFileReference; fileEncoding = 4; lastKnownFileType = sourcecode.c.h; path = AFURLSessionManager.h; sourceTree = "<group>"; };
		D02453391CABADB7007B0A1D /* AFURLSessionManager.m */ = {isa = PBXFileReference; fileEncoding = 4; lastKnownFileType = sourcecode.c.objc; path = AFURLSessionManager.m; sourceTree = "<group>"; };
		D024533B1CABADB7007B0A1D /* AFNetworkActivityIndicatorManager.h */ = {isa = PBXFileReference; fileEncoding = 4; lastKnownFileType = sourcecode.c.h; path = AFNetworkActivityIndicatorManager.h; sourceTree = "<group>"; };
		D024533C1CABADB7007B0A1D /* AFNetworkActivityIndicatorManager.m */ = {isa = PBXFileReference; fileEncoding = 4; lastKnownFileType = sourcecode.c.objc; path = AFNetworkActivityIndicatorManager.m; sourceTree = "<group>"; };
		D024533D1CABADB7007B0A1D /* UIActivityIndicatorView+AFNetworking.h */ = {isa = PBXFileReference; fileEncoding = 4; lastKnownFileType = sourcecode.c.h; path = "UIActivityIndicatorView+AFNetworking.h"; sourceTree = "<group>"; };
		D024533E1CABADB7007B0A1D /* UIActivityIndicatorView+AFNetworking.m */ = {isa = PBXFileReference; fileEncoding = 4; lastKnownFileType = sourcecode.c.objc; path = "UIActivityIndicatorView+AFNetworking.m"; sourceTree = "<group>"; };
		D024533F1CABADB7007B0A1D /* UIAlertView+AFNetworking.h */ = {isa = PBXFileReference; fileEncoding = 4; lastKnownFileType = sourcecode.c.h; path = "UIAlertView+AFNetworking.h"; sourceTree = "<group>"; };
		D02453401CABADB7007B0A1D /* UIAlertView+AFNetworking.m */ = {isa = PBXFileReference; fileEncoding = 4; lastKnownFileType = sourcecode.c.objc; path = "UIAlertView+AFNetworking.m"; sourceTree = "<group>"; };
		D02453411CABADB7007B0A1D /* UIButton+AFNetworking.h */ = {isa = PBXFileReference; fileEncoding = 4; lastKnownFileType = sourcecode.c.h; path = "UIButton+AFNetworking.h"; sourceTree = "<group>"; };
		D02453421CABADB7007B0A1D /* UIButton+AFNetworking.m */ = {isa = PBXFileReference; fileEncoding = 4; lastKnownFileType = sourcecode.c.objc; path = "UIButton+AFNetworking.m"; sourceTree = "<group>"; };
		D02453431CABADB7007B0A1D /* UIImageView+AFNetworking.h */ = {isa = PBXFileReference; fileEncoding = 4; lastKnownFileType = sourcecode.c.h; path = "UIImageView+AFNetworking.h"; sourceTree = "<group>"; };
		D02453441CABADB7007B0A1D /* UIImageView+AFNetworking.m */ = {isa = PBXFileReference; fileEncoding = 4; lastKnownFileType = sourcecode.c.objc; path = "UIImageView+AFNetworking.m"; sourceTree = "<group>"; };
		D02453451CABADB7007B0A1D /* UIKit+AFNetworking.h */ = {isa = PBXFileReference; fileEncoding = 4; lastKnownFileType = sourcecode.c.h; path = "UIKit+AFNetworking.h"; sourceTree = "<group>"; };
		D02453461CABADB7007B0A1D /* UIProgressView+AFNetworking.h */ = {isa = PBXFileReference; fileEncoding = 4; lastKnownFileType = sourcecode.c.h; path = "UIProgressView+AFNetworking.h"; sourceTree = "<group>"; };
		D02453471CABADB7007B0A1D /* UIProgressView+AFNetworking.m */ = {isa = PBXFileReference; fileEncoding = 4; lastKnownFileType = sourcecode.c.objc; path = "UIProgressView+AFNetworking.m"; sourceTree = "<group>"; };
		D02453481CABADB7007B0A1D /* UIRefreshControl+AFNetworking.h */ = {isa = PBXFileReference; fileEncoding = 4; lastKnownFileType = sourcecode.c.h; path = "UIRefreshControl+AFNetworking.h"; sourceTree = "<group>"; };
		D02453491CABADB7007B0A1D /* UIRefreshControl+AFNetworking.m */ = {isa = PBXFileReference; fileEncoding = 4; lastKnownFileType = sourcecode.c.objc; path = "UIRefreshControl+AFNetworking.m"; sourceTree = "<group>"; };
		D024534A1CABADB7007B0A1D /* UIWebView+AFNetworking.h */ = {isa = PBXFileReference; fileEncoding = 4; lastKnownFileType = sourcecode.c.h; path = "UIWebView+AFNetworking.h"; sourceTree = "<group>"; };
		D024534B1CABADB7007B0A1D /* UIWebView+AFNetworking.m */ = {isa = PBXFileReference; fileEncoding = 4; lastKnownFileType = sourcecode.c.objc; path = "UIWebView+AFNetworking.m"; sourceTree = "<group>"; };
		D025E7AE1C84726A002CE743 /* BeaconSettingsController.h */ = {isa = PBXFileReference; fileEncoding = 4; lastKnownFileType = sourcecode.c.h; path = BeaconSettingsController.h; sourceTree = "<group>"; };
		D025E7AF1C84726A002CE743 /* BeaconSettingsController.m */ = {isa = PBXFileReference; fileEncoding = 4; lastKnownFileType = sourcecode.c.objc; path = BeaconSettingsController.m; sourceTree = "<group>"; };
		D03498101CDB3F0F008FAF04 /* beacon.png */ = {isa = PBXFileReference; lastKnownFileType = image.png; name = beacon.png; path = images/beacon.png; sourceTree = "<group>"; };
		D03498111CDB3F0F008FAF04 /* home.png */ = {isa = PBXFileReference; lastKnownFileType = image.png; name = home.png; path = images/home.png; sourceTree = "<group>"; };
		D03498141CDB6431008FAF04 /* beacon_icon.png */ = {isa = PBXFileReference; lastKnownFileType = image.png; name = beacon_icon.png; path = images/beacon_icon.png; sourceTree = "<group>"; };
		D0565D1D1CCA3834000CC3BB /* GoogleService-Info.plist */ = {isa = PBXFileReference; fileEncoding = 4; lastKnownFileType = text.plist.xml; path = "GoogleService-Info.plist"; sourceTree = "<group>"; };
		D0565D201CD09DB1000CC3BB /* BIShop_icon_for_AppStore.png */ = {isa = PBXFileReference; lastKnownFileType = image.png; name = BIShop_icon_for_AppStore.png; path = images/BIShop_icon_for_AppStore.png; sourceTree = "<group>"; };
		D0565D221CD09DB1000CC3BB /* BIShop_icon_for_AppStore.png */ = {isa = PBXFileReference; lastKnownFileType = image.png; path = BIShop_icon_for_AppStore.png; sourceTree = "<group>"; };
		D0565D231CD09DB1000CC3BB /* BIShop_iPhone(4-6)_Apps.png */ = {isa = PBXFileReference; lastKnownFileType = image.png; path = "BIShop_iPhone(4-6)_Apps.png"; sourceTree = "<group>"; };
		D0565D241CD09DB1000CC3BB /* BIShop_iPhone(4-6)_settings.png */ = {isa = PBXFileReference; lastKnownFileType = image.png; path = "BIShop_iPhone(4-6)_settings.png"; sourceTree = "<group>"; };
		D0565D251CD09DB1000CC3BB /* BIShop_iPhone(4-6)_Spotlight.png */ = {isa = PBXFileReference; lastKnownFileType = image.png; path = "BIShop_iPhone(4-6)_Spotlight.png"; sourceTree = "<group>"; };
		D0565D261CD09DB1000CC3BB /* BIShop_iPhone6+_Apps.png */ = {isa = PBXFileReference; lastKnownFileType = image.png; path = "BIShop_iPhone6+_Apps.png"; sourceTree = "<group>"; };
		D0565D271CD09DB1000CC3BB /* BIShop_iPhone6+_settings.png */ = {isa = PBXFileReference; lastKnownFileType = image.png; path = "BIShop_iPhone6+_settings.png"; sourceTree = "<group>"; };
		D0565D281CD09DB1000CC3BB /* BIShop_iPhone6+_Spotlight.png */ = {isa = PBXFileReference; lastKnownFileType = image.png; path = "BIShop_iPhone6+_Spotlight.png"; sourceTree = "<group>"; };
		D0565D291CD09DB1000CC3BB /* BIShop_old_iPad_Apps.png */ = {isa = PBXFileReference; lastKnownFileType = image.png; path = BIShop_old_iPad_Apps.png; sourceTree = "<group>"; };
		D0565D2A1CD09DB1000CC3BB /* BIShop_old_iPad_settings.png */ = {isa = PBXFileReference; lastKnownFileType = image.png; path = BIShop_old_iPad_settings.png; sourceTree = "<group>"; };
		D0565D2B1CD09DB1000CC3BB /* BIShop_old_iPad_Spotlight.png */ = {isa = PBXFileReference; lastKnownFileType = image.png; path = BIShop_old_iPad_Spotlight.png; sourceTree = "<group>"; };
		D0565D2C1CD09DB1000CC3BB /* BIShop_old_iPhone_Apps.png */ = {isa = PBXFileReference; lastKnownFileType = image.png; path = BIShop_old_iPhone_Apps.png; sourceTree = "<group>"; };
		D0565D2D1CD09DB1000CC3BB /* BIShop_old_iPhone_settings.png */ = {isa = PBXFileReference; lastKnownFileType = image.png; path = BIShop_old_iPhone_settings.png; sourceTree = "<group>"; };
		D0565D2E1CD09DB1000CC3BB /* BIShop_old_iPhone_Spotlight.png */ = {isa = PBXFileReference; lastKnownFileType = image.png; path = BIShop_old_iPhone_Spotlight.png; sourceTree = "<group>"; };
		D0565D2F1CD09DB1000CC3BB /* BIShop_Retina_iPad_Apps.png */ = {isa = PBXFileReference; lastKnownFileType = image.png; path = BIShop_Retina_iPad_Apps.png; sourceTree = "<group>"; };
		D0565D301CD09DB1000CC3BB /* BIShop_Retina_iPad_settings.png */ = {isa = PBXFileReference; lastKnownFileType = image.png; path = BIShop_Retina_iPad_settings.png; sourceTree = "<group>"; };
		D0565D311CD09DB1000CC3BB /* BIShop_Retina_iPad_Spotlight.png */ = {isa = PBXFileReference; lastKnownFileType = image.png; path = BIShop_Retina_iPad_Spotlight.png; sourceTree = "<group>"; };
		D07E30111C47C9BB001EA160 /* MainController.h */ = {isa = PBXFileReference; fileEncoding = 4; lastKnownFileType = sourcecode.c.h; path = MainController.h; sourceTree = "<group>"; };
		D07E30121C47C9BB001EA160 /* MainController.m */ = {isa = PBXFileReference; fileEncoding = 4; lastKnownFileType = sourcecode.c.objc; path = MainController.m; sourceTree = "<group>"; };
		D07E30171C47D1C4001EA160 /* UserData.h */ = {isa = PBXFileReference; fileEncoding = 4; lastKnownFileType = sourcecode.c.h; path = UserData.h; sourceTree = "<group>"; };
		D07E30181C47D1C4001EA160 /* UserData.m */ = {isa = PBXFileReference; fileEncoding = 4; lastKnownFileType = sourcecode.c.objc; path = UserData.m; sourceTree = "<group>"; };
		D07E301D1C4D1C0A001EA160 /* SettingsController.h */ = {isa = PBXFileReference; fileEncoding = 4; lastKnownFileType = sourcecode.c.h; path = SettingsController.h; sourceTree = "<group>"; };
		D07E301E1C4D1C0A001EA160 /* SettingsController.m */ = {isa = PBXFileReference; fileEncoding = 4; lastKnownFileType = sourcecode.c.objc; path = SettingsController.m; sourceTree = "<group>"; };
		D07E30201C4D2C9A001EA160 /* DismissSegue.h */ = {isa = PBXFileReference; fileEncoding = 4; lastKnownFileType = sourcecode.c.h; path = DismissSegue.h; sourceTree = "<group>"; };
		D07E30211C4D2C9A001EA160 /* DismissSegue.m */ = {isa = PBXFileReference; fileEncoding = 4; lastKnownFileType = sourcecode.c.objc; path = DismissSegue.m; sourceTree = "<group>"; };
		D07E30231C4D317E001EA160 /* settings.plist */ = {isa = PBXFileReference; fileEncoding = 4; lastKnownFileType = text.plist.xml; path = settings.plist; sourceTree = "<group>"; };
		D09616D71C2C1B340004C4F9 /* BIShop.app */ = {isa = PBXFileReference; explicitFileType = wrapper.application; includeInIndex = 0; path = BIShop.app; sourceTree = BUILT_PRODUCTS_DIR; };
		D09616DB1C2C1B340004C4F9 /* main.m */ = {isa = PBXFileReference; lastKnownFileType = sourcecode.c.objc; path = main.m; sourceTree = "<group>"; };
		D09616DD1C2C1B340004C4F9 /* AppDelegate.h */ = {isa = PBXFileReference; lastKnownFileType = sourcecode.c.h; path = AppDelegate.h; sourceTree = "<group>"; };
		D09616DE1C2C1B340004C4F9 /* AppDelegate.m */ = {isa = PBXFileReference; lastKnownFileType = sourcecode.c.objc; path = AppDelegate.m; sourceTree = "<group>"; };
		D09616E41C2C1B350004C4F9 /* Base */ = {isa = PBXFileReference; lastKnownFileType = file.storyboard; name = Base; path = Base.lproj/Main.storyboard; sourceTree = "<group>"; };
		D09616E61C2C1B350004C4F9 /* Assets.xcassets */ = {isa = PBXFileReference; lastKnownFileType = folder.assetcatalog; path = Assets.xcassets; sourceTree = "<group>"; };
		D09616E91C2C1B350004C4F9 /* Base */ = {isa = PBXFileReference; lastKnownFileType = file.storyboard; name = Base; path = Base.lproj/LaunchScreen.storyboard; sourceTree = "<group>"; };
		D09616EB1C2C1B350004C4F9 /* Info.plist */ = {isa = PBXFileReference; lastKnownFileType = text.plist.xml; path = Info.plist; sourceTree = "<group>"; };
		D096170F1C32B2B20004C4F9 /* beacons.json */ = {isa = PBXFileReference; fileEncoding = 4; lastKnownFileType = text.json; path = beacons.json; sourceTree = "<group>"; };
		D09617111C32B8910004C4F9 /* CoreLocation.framework */ = {isa = PBXFileReference; lastKnownFileType = wrapper.framework; name = CoreLocation.framework; path = System/Library/Frameworks/CoreLocation.framework; sourceTree = SDKROOT; };
		D0D7013F1CE1CF8900D946E5 /* buttons.png */ = {isa = PBXFileReference; lastKnownFileType = image.png; name = buttons.png; path = images/buttons.png; sourceTree = "<group>"; };
		D0D701421CE276E800D946E5 /* NSString+S2MNotificationHelper.h */ = {isa = PBXFileReference; fileEncoding = 4; lastKnownFileType = sourcecode.c.h; path = "NSString+S2MNotificationHelper.h"; sourceTree = "<group>"; };
		D0D701431CE276E800D946E5 /* NSString+S2MNotificationHelper.m */ = {isa = PBXFileReference; fileEncoding = 4; lastKnownFileType = sourcecode.c.objc; path = "NSString+S2MNotificationHelper.m"; sourceTree = "<group>"; };
		D0D701441CE276E800D946E5 /* S2MNotificationHelper.h */ = {isa = PBXFileReference; fileEncoding = 4; lastKnownFileType = sourcecode.c.h; path = S2MNotificationHelper.h; sourceTree = "<group>"; };
		D0D701451CE276E800D946E5 /* S2MNotificationHelper.m */ = {isa = PBXFileReference; fileEncoding = 4; lastKnownFileType = sourcecode.c.objc; path = S2MNotificationHelper.m; sourceTree = "<group>"; };
		D0D701461CE276E800D946E5 /* UILocalNotification+S2MNotificationHelper.h */ = {isa = PBXFileReference; fileEncoding = 4; lastKnownFileType = sourcecode.c.h; path = "UILocalNotification+S2MNotificationHelper.h"; sourceTree = "<group>"; };
		D0D701471CE276E800D946E5 /* UILocalNotification+S2MNotificationHelper.m */ = {isa = PBXFileReference; fileEncoding = 4; lastKnownFileType = sourcecode.c.objc; path = "UILocalNotification+S2MNotificationHelper.m"; sourceTree = "<group>"; };
		D0D7014B1CE27C9600D946E5 /* SystemConfiguration.framework */ = {isa = PBXFileReference; lastKnownFileType = wrapper.framework; name = SystemConfiguration.framework; path = System/Library/Frameworks/SystemConfiguration.framework; sourceTree = SDKROOT; };
		D0D7014E1CE27E1000D946E5 /* Reachability.h */ = {isa = PBXFileReference; fileEncoding = 4; lastKnownFileType = sourcecode.c.h; path = Reachability.h; sourceTree = "<group>"; };
		D0D7014F1CE27E1000D946E5 /* Reachability.m */ = {isa = PBXFileReference; fileEncoding = 4; lastKnownFileType = sourcecode.c.objc; path = Reachability.m; sourceTree = "<group>"; };
		D0F6F2681C73372F00B2036E /* IBApi.h */ = {isa = PBXFileReference; fileEncoding = 4; lastKnownFileType = sourcecode.c.h; path = IBApi.h; sourceTree = "<group>"; };
		D0F6F2691C73372F00B2036E /* IBBeacon.h */ = {isa = PBXFileReference; fileEncoding = 4; lastKnownFileType = sourcecode.c.h; path = IBBeacon.h; sourceTree = "<group>"; };
		D0F6F26A1C73372F00B2036E /* IBBeaconIdentity.h */ = {isa = PBXFileReference; fileEncoding = 4; lastKnownFileType = sourcecode.c.h; path = IBBeaconIdentity.h; sourceTree = "<group>"; };
		D0F6F26B1C73372F00B2036E /* IBError.h */ = {isa = PBXFileReference; fileEncoding = 4; lastKnownFileType = sourcecode.c.h; path = IBError.h; sourceTree = "<group>"; };
		D0F6F26C1C73372F00B2036E /* IBLocation.h */ = {isa = PBXFileReference; fileEncoding = 4; lastKnownFileType = sourcecode.c.h; path = IBLocation.h; sourceTree = "<group>"; };
		D0F6F26D1C73372F00B2036E /* IBLocationManager.h */ = {isa = PBXFileReference; fileEncoding = 4; lastKnownFileType = sourcecode.c.h; path = IBLocationManager.h; sourceTree = "<group>"; };
		D0F6F26E1C73372F00B2036E /* IBPoint.h */ = {isa = PBXFileReference; fileEncoding = 4; lastKnownFileType = sourcecode.c.h; path = IBPoint.h; sourceTree = "<group>"; };
		D0F6F26F1C73372F00B2036E /* IBRangingManager.h */ = {isa = PBXFileReference; fileEncoding = 4; lastKnownFileType = sourcecode.c.h; path = IBRangingManager.h; sourceTree = "<group>"; };
		D0F6F2701C73372F00B2036E /* IBTimedLocation.h */ = {isa = PBXFileReference; fileEncoding = 4; lastKnownFileType = sourcecode.c.h; path = IBTimedLocation.h; sourceTree = "<group>"; };
		D0F6F2711C73372F00B2036E /* IBZone.h */ = {isa = PBXFileReference; fileEncoding = 4; lastKnownFileType = sourcecode.c.h; path = IBZone.h; sourceTree = "<group>"; };
		D0F6F2721C73372F00B2036E /* IBZoneManager.h */ = {isa = PBXFileReference; fileEncoding = 4; lastKnownFileType = sourcecode.c.h; path = IBZoneManager.h; sourceTree = "<group>"; };
		D0F6F2731C73372F00B2036E /* libAPI.a */ = {isa = PBXFileReference; lastKnownFileType = archive.ar; path = libAPI.a; sourceTree = "<group>"; };
		ED5E38DB455C0669DA11C978 /* Pods-iotbeacon.release.xcconfig */ = {isa = PBXFileReference; includeInIndex = 1; lastKnownFileType = text.xcconfig; name = "Pods-iotbeacon.release.xcconfig"; path = "Pods/Target Support Files/Pods-iotbeacon/Pods-iotbeacon.release.xcconfig"; sourceTree = "<group>"; };
/* End PBXFileReference section */

/* Begin PBXFrameworksBuildPhase section */
		D09616D41C2C1B340004C4F9 /* Frameworks */ = {
			isa = PBXFrameworksBuildPhase;
			buildActionMask = 2147483647;
			files = (
				D0D7014C1CE27C9600D946E5 /* SystemConfiguration.framework in Frameworks */,
				D0F6F2741C73372F00B2036E /* libAPI.a in Frameworks */,
				D09617121C32B8910004C4F9 /* CoreLocation.framework in Frameworks */,
				281A27238F2434BC816B2A02 /* libPods-iotbeacon.a in Frameworks */,
			);
			runOnlyForDeploymentPostprocessing = 0;
		};
/* End PBXFrameworksBuildPhase section */

/* Begin PBXGroup section */
		1FBEDE71DEFA8DD8536EC569 /* Frameworks */ = {
			isa = PBXGroup;
			children = (
				D0D7014B1CE27C9600D946E5 /* SystemConfiguration.framework */,
				1F262D0591D737ED7EBD5D26 /* libPods-iotbeacon.a */,
			);
			name = Frameworks;
			sourceTree = "<group>";
		};
		2A6EEE650ADDE7D85171DF61 /* Pods */ = {
			isa = PBXGroup;
			children = (
				A8F5D92C8D120ADB2DF7BAE3 /* Pods-iotbeacon.debug.xcconfig */,
				ED5E38DB455C0669DA11C978 /* Pods-iotbeacon.release.xcconfig */,
			);
			name = Pods;
			sourceTree = "<group>";
		};
		D024531D1CAAE6FE007B0A1D /* net */ = {
			isa = PBXGroup;
			children = (
				D02453251CABADB7007B0A1D /* AFNetworking */,
			);
			name = net;
			sourceTree = "<group>";
		};
		D02453251CABADB7007B0A1D /* AFNetworking */ = {
			isa = PBXGroup;
			children = (
				D02453261CABADB7007B0A1D /* AFNetworking */,
				D024533A1CABADB7007B0A1D /* UIKit+AFNetworking */,
			);
			name = AFNetworking;
			path = libs/AFNetworking;
			sourceTree = "<group>";
		};
		D02453261CABADB7007B0A1D /* AFNetworking */ = {
			isa = PBXGroup;
			children = (
				D02453271CABADB7007B0A1D /* AFHTTPRequestOperation.h */,
				D02453281CABADB7007B0A1D /* AFHTTPRequestOperation.m */,
				D02453291CABADB7007B0A1D /* AFHTTPRequestOperationManager.h */,
				D024532A1CABADB7007B0A1D /* AFHTTPRequestOperationManager.m */,
				D024532B1CABADB7007B0A1D /* AFHTTPSessionManager.h */,
				D024532C1CABADB7007B0A1D /* AFHTTPSessionManager.m */,
				D024532D1CABADB7007B0A1D /* AFNetworking.h */,
				D024532E1CABADB7007B0A1D /* AFNetworkReachabilityManager.h */,
				D024532F1CABADB7007B0A1D /* AFNetworkReachabilityManager.m */,
				D02453301CABADB7007B0A1D /* AFSecurityPolicy.h */,
				D02453311CABADB7007B0A1D /* AFSecurityPolicy.m */,
				D02453321CABADB7007B0A1D /* AFURLConnectionOperation.h */,
				D02453331CABADB7007B0A1D /* AFURLConnectionOperation.m */,
				D02453341CABADB7007B0A1D /* AFURLRequestSerialization.h */,
				D02453351CABADB7007B0A1D /* AFURLRequestSerialization.m */,
				D02453361CABADB7007B0A1D /* AFURLResponseSerialization.h */,
				D02453371CABADB7007B0A1D /* AFURLResponseSerialization.m */,
				D02453381CABADB7007B0A1D /* AFURLSessionManager.h */,
				D02453391CABADB7007B0A1D /* AFURLSessionManager.m */,
			);
			path = AFNetworking;
			sourceTree = "<group>";
		};
		D024533A1CABADB7007B0A1D /* UIKit+AFNetworking */ = {
			isa = PBXGroup;
			children = (
				D024533B1CABADB7007B0A1D /* AFNetworkActivityIndicatorManager.h */,
				D024533C1CABADB7007B0A1D /* AFNetworkActivityIndicatorManager.m */,
				D024533D1CABADB7007B0A1D /* UIActivityIndicatorView+AFNetworking.h */,
				D024533E1CABADB7007B0A1D /* UIActivityIndicatorView+AFNetworking.m */,
				D024533F1CABADB7007B0A1D /* UIAlertView+AFNetworking.h */,
				D02453401CABADB7007B0A1D /* UIAlertView+AFNetworking.m */,
				D02453411CABADB7007B0A1D /* UIButton+AFNetworking.h */,
				D02453421CABADB7007B0A1D /* UIButton+AFNetworking.m */,
				D02453431CABADB7007B0A1D /* UIImageView+AFNetworking.h */,
				D02453441CABADB7007B0A1D /* UIImageView+AFNetworking.m */,
				D02453451CABADB7007B0A1D /* UIKit+AFNetworking.h */,
				D02453461CABADB7007B0A1D /* UIProgressView+AFNetworking.h */,
				D02453471CABADB7007B0A1D /* UIProgressView+AFNetworking.m */,
				D02453481CABADB7007B0A1D /* UIRefreshControl+AFNetworking.h */,
				D02453491CABADB7007B0A1D /* UIRefreshControl+AFNetworking.m */,
				D024534A1CABADB7007B0A1D /* UIWebView+AFNetworking.h */,
				D024534B1CABADB7007B0A1D /* UIWebView+AFNetworking.m */,
			);
			path = "UIKit+AFNetworking";
			sourceTree = "<group>";
		};
		D0565D1F1CD09D93000CC3BB /* images */ = {
			isa = PBXGroup;
			children = (
				D0D7013F1CE1CF8900D946E5 /* buttons.png */,
				D03498141CDB6431008FAF04 /* beacon_icon.png */,
				D03498101CDB3F0F008FAF04 /* beacon.png */,
				D03498111CDB3F0F008FAF04 /* home.png */,
				D0565D201CD09DB1000CC3BB /* BIShop_icon_for_AppStore.png */,
				D0565D211CD09DB1000CC3BB /* icons */,
			);
			name = images;
			sourceTree = "<group>";
		};
		D0565D211CD09DB1000CC3BB /* icons */ = {
			isa = PBXGroup;
			children = (
				D0565D221CD09DB1000CC3BB /* BIShop_icon_for_AppStore.png */,
				D0565D231CD09DB1000CC3BB /* BIShop_iPhone(4-6)_Apps.png */,
				D0565D241CD09DB1000CC3BB /* BIShop_iPhone(4-6)_settings.png */,
				D0565D251CD09DB1000CC3BB /* BIShop_iPhone(4-6)_Spotlight.png */,
				D0565D261CD09DB1000CC3BB /* BIShop_iPhone6+_Apps.png */,
				D0565D271CD09DB1000CC3BB /* BIShop_iPhone6+_settings.png */,
				D0565D281CD09DB1000CC3BB /* BIShop_iPhone6+_Spotlight.png */,
				D0565D291CD09DB1000CC3BB /* BIShop_old_iPad_Apps.png */,
				D0565D2A1CD09DB1000CC3BB /* BIShop_old_iPad_settings.png */,
				D0565D2B1CD09DB1000CC3BB /* BIShop_old_iPad_Spotlight.png */,
				D0565D2C1CD09DB1000CC3BB /* BIShop_old_iPhone_Apps.png */,
				D0565D2D1CD09DB1000CC3BB /* BIShop_old_iPhone_settings.png */,
				D0565D2E1CD09DB1000CC3BB /* BIShop_old_iPhone_Spotlight.png */,
				D0565D2F1CD09DB1000CC3BB /* BIShop_Retina_iPad_Apps.png */,
				D0565D301CD09DB1000CC3BB /* BIShop_Retina_iPad_settings.png */,
				D0565D311CD09DB1000CC3BB /* BIShop_Retina_iPad_Spotlight.png */,
			);
			name = icons;
			path = images/icons;
			sourceTree = "<group>";
		};
		D09616CE1C2C1B340004C4F9 = {
			isa = PBXGroup;
			children = (
				D0565D1D1CCA3834000CC3BB /* GoogleService-Info.plist */,
				D09617111C32B8910004C4F9 /* CoreLocation.framework */,
				D09616D91C2C1B340004C4F9 /* iotbeacon */,
				D09616D81C2C1B340004C4F9 /* Products */,
				2A6EEE650ADDE7D85171DF61 /* Pods */,
				1FBEDE71DEFA8DD8536EC569 /* Frameworks */,
			);
			sourceTree = "<group>";
		};
		D09616D81C2C1B340004C4F9 /* Products */ = {
			isa = PBXGroup;
			children = (
				D09616D71C2C1B340004C4F9 /* BIShop.app */,
			);
			name = Products;
			sourceTree = "<group>";
		};
		D09616D91C2C1B340004C4F9 /* iotbeacon */ = {
			isa = PBXGroup;
			children = (
				D0D7014D1CE27E1000D946E5 /* Reachability */,
				D0D701411CE276E800D946E5 /* LocalNotificationHelper */,
				D0565D1F1CD09D93000CC3BB /* images */,
				D024531D1CAAE6FE007B0A1D /* net */,
				D0F6F2651C73372F00B2036E /* ibecom */,
				D096170F1C32B2B20004C4F9 /* beacons.json */,
				D09616DD1C2C1B340004C4F9 /* AppDelegate.h */,
				D09616DE1C2C1B340004C4F9 /* AppDelegate.m */,
				D07E30111C47C9BB001EA160 /* MainController.h */,
				D07E30121C47C9BB001EA160 /* MainController.m */,
				D09616E31C2C1B350004C4F9 /* Main.storyboard */,
				D09616E61C2C1B350004C4F9 /* Assets.xcassets */,
				D09616E81C2C1B350004C4F9 /* LaunchScreen.storyboard */,
				D09616EB1C2C1B350004C4F9 /* Info.plist */,
				D09616DA1C2C1B340004C4F9 /* Supporting Files */,
				D07E30171C47D1C4001EA160 /* UserData.h */,
				D07E30181C47D1C4001EA160 /* UserData.m */,
				D07E301D1C4D1C0A001EA160 /* SettingsController.h */,
				D07E301E1C4D1C0A001EA160 /* SettingsController.m */,
				D07E30201C4D2C9A001EA160 /* DismissSegue.h */,
				D07E30211C4D2C9A001EA160 /* DismissSegue.m */,
				D07E30231C4D317E001EA160 /* settings.plist */,
				D025E7AE1C84726A002CE743 /* BeaconSettingsController.h */,
				D025E7AF1C84726A002CE743 /* BeaconSettingsController.m */,
			);
			path = iotbeacon;
			sourceTree = "<group>";
		};
		D09616DA1C2C1B340004C4F9 /* Supporting Files */ = {
			isa = PBXGroup;
			children = (
				D09616DB1C2C1B340004C4F9 /* main.m */,
			);
			name = "Supporting Files";
			sourceTree = "<group>";
		};
		D0D701411CE276E800D946E5 /* LocalNotificationHelper */ = {
			isa = PBXGroup;
			children = (
				D0D701421CE276E800D946E5 /* NSString+S2MNotificationHelper.h */,
				D0D701431CE276E800D946E5 /* NSString+S2MNotificationHelper.m */,
				D0D701441CE276E800D946E5 /* S2MNotificationHelper.h */,
				D0D701451CE276E800D946E5 /* S2MNotificationHelper.m */,
				D0D701461CE276E800D946E5 /* UILocalNotification+S2MNotificationHelper.h */,
				D0D701471CE276E800D946E5 /* UILocalNotification+S2MNotificationHelper.m */,
			);
			name = LocalNotificationHelper;
			path = libs/LocalNotificationHelper;
			sourceTree = "<group>";
		};
		D0D7014D1CE27E1000D946E5 /* Reachability */ = {
			isa = PBXGroup;
			children = (
				D0D7014E1CE27E1000D946E5 /* Reachability.h */,
				D0D7014F1CE27E1000D946E5 /* Reachability.m */,
			);
			name = Reachability;
			path = libs/Reachability;
			sourceTree = "<group>";
		};
		D0F6F2651C73372F00B2036E /* ibecom */ = {
			isa = PBXGroup;
			children = (
				D0F6F2661C73372F00B2036E /* include */,
				D0F6F2731C73372F00B2036E /* libAPI.a */,
			);
			path = ibecom;
			sourceTree = "<group>";
		};
		D0F6F2661C73372F00B2036E /* include */ = {
			isa = PBXGroup;
			children = (
				D0F6F2671C73372F00B2036E /* API */,
			);
			path = include;
			sourceTree = "<group>";
		};
		D0F6F2671C73372F00B2036E /* API */ = {
			isa = PBXGroup;
			children = (
				D0F6F2681C73372F00B2036E /* IBApi.h */,
				D0F6F2691C73372F00B2036E /* IBBeacon.h */,
				D0F6F26A1C73372F00B2036E /* IBBeaconIdentity.h */,
				D0F6F26B1C73372F00B2036E /* IBError.h */,
				D0F6F26C1C73372F00B2036E /* IBLocation.h */,
				D0F6F26D1C73372F00B2036E /* IBLocationManager.h */,
				D0F6F26E1C73372F00B2036E /* IBPoint.h */,
				D0F6F26F1C73372F00B2036E /* IBRangingManager.h */,
				D0F6F2701C73372F00B2036E /* IBTimedLocation.h */,
				D0F6F2711C73372F00B2036E /* IBZone.h */,
				D0F6F2721C73372F00B2036E /* IBZoneManager.h */,
			);
			path = API;
			sourceTree = "<group>";
		};
/* End PBXGroup section */

/* Begin PBXNativeTarget section */
		D09616D61C2C1B340004C4F9 /* BIShop */ = {
			isa = PBXNativeTarget;
			buildConfigurationList = D09616EE1C2C1B350004C4F9 /* Build configuration list for PBXNativeTarget "BIShop" */;
			buildPhases = (
				FDE78DD89EC6408CDDE60E9B /* Check Pods Manifest.lock */,
				D09616D31C2C1B340004C4F9 /* Sources */,
				D09616D41C2C1B340004C4F9 /* Frameworks */,
				D09616D51C2C1B340004C4F9 /* Resources */,
				E176B98FE5DDF71FF4F530F2 /* Embed Pods Frameworks */,
				3ECB34DF88FE5D4C62E09E79 /* Copy Pods Resources */,
			);
			buildRules = (
			);
			dependencies = (
			);
			name = BIShop;
			productName = iotbeacon;
			productReference = D09616D71C2C1B340004C4F9 /* BIShop.app */;
			productType = "com.apple.product-type.application";
		};
/* End PBXNativeTarget section */

/* Begin PBXProject section */
		D09616CF1C2C1B340004C4F9 /* Project object */ = {
			isa = PBXProject;
			attributes = {
				LastUpgradeCheck = 0710;
				ORGANIZATIONNAME = BIS;
				TargetAttributes = {
					D09616D61C2C1B340004C4F9 = {
						CreatedOnToolsVersion = 7.1.1;
						DevelopmentTeam = 2FBH9DEYTV;
						SystemCapabilities = {
							com.apple.BackgroundModes = {
								enabled = 1;
							};
							com.apple.Push = {
								enabled = 0;
							};
						};
					};
				};
			};
			buildConfigurationList = D09616D21C2C1B340004C4F9 /* Build configuration list for PBXProject "BIShop" */;
			compatibilityVersion = "Xcode 3.2";
			developmentRegion = English;
			hasScannedForEncodings = 0;
			knownRegions = (
				en,
				Base,
			);
			mainGroup = D09616CE1C2C1B340004C4F9;
			productRefGroup = D09616D81C2C1B340004C4F9 /* Products */;
			projectDirPath = "";
			projectRoot = "";
			targets = (
				D09616D61C2C1B340004C4F9 /* BIShop */,
			);
		};
/* End PBXProject section */

/* Begin PBXResourcesBuildPhase section */
		D09616D51C2C1B340004C4F9 /* Resources */ = {
			isa = PBXResourcesBuildPhase;
			buildActionMask = 2147483647;
			files = (
				D09616EA1C2C1B350004C4F9 /* LaunchScreen.storyboard in Resources */,
				D09616E71C2C1B350004C4F9 /* Assets.xcassets in Resources */,
				D09616E51C2C1B350004C4F9 /* Main.storyboard in Resources */,
				D09617101C32B2B20004C4F9 /* beacons.json in Resources */,
				D0565D401CD09DB1000CC3BB /* BIShop_Retina_iPad_Apps.png in Resources */,
				D0565D421CD09DB1000CC3BB /* BIShop_Retina_iPad_Spotlight.png in Resources */,
				D0565D3F1CD09DB1000CC3BB /* BIShop_old_iPhone_Spotlight.png in Resources */,
				D0565D321CD09DB1000CC3BB /* BIShop_icon_for_AppStore.png in Resources */,
				D0565D381CD09DB1000CC3BB /* BIShop_iPhone6+_settings.png in Resources */,
				D0565D361CD09DB1000CC3BB /* BIShop_iPhone(4-6)_Spotlight.png in Resources */,
				D03498151CDB6431008FAF04 /* beacon_icon.png in Resources */,
				D0565D341CD09DB1000CC3BB /* BIShop_iPhone(4-6)_Apps.png in Resources */,
				D07E30241C4D317E001EA160 /* settings.plist in Resources */,
				D0565D391CD09DB1000CC3BB /* BIShop_iPhone6+_Spotlight.png in Resources */,
				D0565D351CD09DB1000CC3BB /* BIShop_iPhone(4-6)_settings.png in Resources */,
				D0565D1E1CCA3834000CC3BB /* GoogleService-Info.plist in Resources */,
				D0565D3C1CD09DB1000CC3BB /* BIShop_old_iPad_Spotlight.png in Resources */,
				D03498131CDB3F0F008FAF04 /* home.png in Resources */,
				D0565D3D1CD09DB1000CC3BB /* BIShop_old_iPhone_Apps.png in Resources */,
				D0565D411CD09DB1000CC3BB /* BIShop_Retina_iPad_settings.png in Resources */,
				D0565D371CD09DB1000CC3BB /* BIShop_iPhone6+_Apps.png in Resources */,
				D0565D331CD09DB1000CC3BB /* BIShop_icon_for_AppStore.png in Resources */,
				D0565D3A1CD09DB1000CC3BB /* BIShop_old_iPad_Apps.png in Resources */,
				D0D701401CE1CF8900D946E5 /* buttons.png in Resources */,
				D03498121CDB3F0F008FAF04 /* beacon.png in Resources */,
				D0565D3B1CD09DB1000CC3BB /* BIShop_old_iPad_settings.png in Resources */,
				D0565D3E1CD09DB1000CC3BB /* BIShop_old_iPhone_settings.png in Resources */,
			);
			runOnlyForDeploymentPostprocessing = 0;
		};
/* End PBXResourcesBuildPhase section */

/* Begin PBXShellScriptBuildPhase section */
		3ECB34DF88FE5D4C62E09E79 /* Copy Pods Resources */ = {
			isa = PBXShellScriptBuildPhase;
			buildActionMask = 2147483647;
			files = (
			);
			inputPaths = (
			);
			name = "Copy Pods Resources";
			outputPaths = (
			);
			runOnlyForDeploymentPostprocessing = 0;
			shellPath = /bin/sh;
			shellScript = "\"${SRCROOT}/Pods/Target Support Files/Pods-iotbeacon/Pods-iotbeacon-resources.sh\"\n";
			showEnvVarsInLog = 0;
		};
		E176B98FE5DDF71FF4F530F2 /* Embed Pods Frameworks */ = {
			isa = PBXShellScriptBuildPhase;
			buildActionMask = 2147483647;
			files = (
			);
			inputPaths = (
			);
			name = "Embed Pods Frameworks";
			outputPaths = (
			);
			runOnlyForDeploymentPostprocessing = 0;
			shellPath = /bin/sh;
			shellScript = "\"${SRCROOT}/Pods/Target Support Files/Pods-iotbeacon/Pods-iotbeacon-frameworks.sh\"\n";
			showEnvVarsInLog = 0;
		};
		FDE78DD89EC6408CDDE60E9B /* Check Pods Manifest.lock */ = {
			isa = PBXShellScriptBuildPhase;
			buildActionMask = 2147483647;
			files = (
			);
			inputPaths = (
			);
			name = "Check Pods Manifest.lock";
			outputPaths = (
			);
			runOnlyForDeploymentPostprocessing = 0;
			shellPath = /bin/sh;
			shellScript = "diff \"${PODS_ROOT}/../Podfile.lock\" \"${PODS_ROOT}/Manifest.lock\" > /dev/null\nif [[ $? != 0 ]] ; then\n    cat << EOM\nerror: The sandbox is not in sync with the Podfile.lock. Run 'pod install' or update your CocoaPods installation.\nEOM\n    exit 1\nfi\n";
			showEnvVarsInLog = 0;
		};
/* End PBXShellScriptBuildPhase section */

/* Begin PBXSourcesBuildPhase section */
		D09616D31C2C1B340004C4F9 /* Sources */ = {
			isa = PBXSourcesBuildPhase;
			buildActionMask = 2147483647;
			files = (
				D02453571CABADB7007B0A1D /* UIAlertView+AFNetworking.m in Sources */,
				D02453591CABADB7007B0A1D /* UIImageView+AFNetworking.m in Sources */,
				D02453581CABADB7007B0A1D /* UIButton+AFNetworking.m in Sources */,
				D024534C1CABADB7007B0A1D /* AFHTTPRequestOperation.m in Sources */,
				D0D701501CE27E1000D946E5 /* Reachability.m in Sources */,
				D025E7B01C84726A002CE743 /* BeaconSettingsController.m in Sources */,
				D02453541CABADB7007B0A1D /* AFURLSessionManager.m in Sources */,
				D02453551CABADB7007B0A1D /* AFNetworkActivityIndicatorManager.m in Sources */,
				D07E30221C4D2C9A001EA160 /* DismissSegue.m in Sources */,
				D02453511CABADB7007B0A1D /* AFURLConnectionOperation.m in Sources */,
				D0D701481CE276E800D946E5 /* NSString+S2MNotificationHelper.m in Sources */,
				D024534D1CABADB7007B0A1D /* AFHTTPRequestOperationManager.m in Sources */,
				D024534F1CABADB7007B0A1D /* AFNetworkReachabilityManager.m in Sources */,
				D0D7014A1CE276E800D946E5 /* UILocalNotification+S2MNotificationHelper.m in Sources */,
				D07E30191C47D1C4001EA160 /* UserData.m in Sources */,
				D07E301F1C4D1C0A001EA160 /* SettingsController.m in Sources */,
				D02453501CABADB7007B0A1D /* AFSecurityPolicy.m in Sources */,
				D09616DF1C2C1B340004C4F9 /* AppDelegate.m in Sources */,
				D02453521CABADB7007B0A1D /* AFURLRequestSerialization.m in Sources */,
				D02453531CABADB7007B0A1D /* AFURLResponseSerialization.m in Sources */,
				D07E30131C47C9BB001EA160 /* MainController.m in Sources */,
				D02453561CABADB7007B0A1D /* UIActivityIndicatorView+AFNetworking.m in Sources */,
				D024535B1CABADB7007B0A1D /* UIRefreshControl+AFNetworking.m in Sources */,
				D024535A1CABADB7007B0A1D /* UIProgressView+AFNetworking.m in Sources */,
				D0D701491CE276E800D946E5 /* S2MNotificationHelper.m in Sources */,
				D09616DC1C2C1B340004C4F9 /* main.m in Sources */,
				D024535C1CABADB7007B0A1D /* UIWebView+AFNetworking.m in Sources */,
				D024534E1CABADB7007B0A1D /* AFHTTPSessionManager.m in Sources */,
			);
			runOnlyForDeploymentPostprocessing = 0;
		};
/* End PBXSourcesBuildPhase section */

/* Begin PBXVariantGroup section */
		D09616E31C2C1B350004C4F9 /* Main.storyboard */ = {
			isa = PBXVariantGroup;
			children = (
				D09616E41C2C1B350004C4F9 /* Base */,
			);
			name = Main.storyboard;
			sourceTree = "<group>";
		};
		D09616E81C2C1B350004C4F9 /* LaunchScreen.storyboard */ = {
			isa = PBXVariantGroup;
			children = (
				D09616E91C2C1B350004C4F9 /* Base */,
			);
			name = LaunchScreen.storyboard;
			sourceTree = "<group>";
		};
/* End PBXVariantGroup section */

/* Begin XCBuildConfiguration section */
		D09616EC1C2C1B350004C4F9 /* Debug */ = {
			isa = XCBuildConfiguration;
			buildSettings = {
				ALWAYS_SEARCH_USER_PATHS = NO;
				CLANG_CXX_LANGUAGE_STANDARD = "gnu++0x";
				CLANG_CXX_LIBRARY = "libc++";
				CLANG_ENABLE_MODULES = YES;
				CLANG_ENABLE_OBJC_ARC = YES;
				CLANG_WARN_BOOL_CONVERSION = YES;
				CLANG_WARN_CONSTANT_CONVERSION = YES;
				CLANG_WARN_DIRECT_OBJC_ISA_USAGE = YES_ERROR;
				CLANG_WARN_EMPTY_BODY = YES;
				CLANG_WARN_ENUM_CONVERSION = YES;
				CLANG_WARN_INT_CONVERSION = YES;
				CLANG_WARN_OBJC_ROOT_CLASS = YES_ERROR;
				CLANG_WARN_UNREACHABLE_CODE = YES;
				CLANG_WARN__DUPLICATE_METHOD_MATCH = YES;
				"CODE_SIGN_IDENTITY[sdk=iphoneos*]" = "iPhone Developer";
				COPY_PHASE_STRIP = NO;
				DEBUG_INFORMATION_FORMAT = dwarf;
				ENABLE_STRICT_OBJC_MSGSEND = YES;
				ENABLE_TESTABILITY = YES;
				GCC_C_LANGUAGE_STANDARD = gnu99;
				GCC_DYNAMIC_NO_PIC = NO;
				GCC_NO_COMMON_BLOCKS = YES;
				GCC_OPTIMIZATION_LEVEL = 0;
				GCC_PREPROCESSOR_DEFINITIONS = (
					"DEBUG=1",
					"$(inherited)",
				);
				GCC_WARN_64_TO_32_BIT_CONVERSION = YES;
				GCC_WARN_ABOUT_RETURN_TYPE = YES_ERROR;
				GCC_WARN_UNDECLARED_SELECTOR = YES;
				GCC_WARN_UNINITIALIZED_AUTOS = YES_AGGRESSIVE;
				GCC_WARN_UNUSED_FUNCTION = YES;
				GCC_WARN_UNUSED_VARIABLE = YES;
				IPHONEOS_DEPLOYMENT_TARGET = 9.1;
				MTL_ENABLE_DEBUG_INFO = YES;
				ONLY_ACTIVE_ARCH = YES;
				SDKROOT = iphoneos;
				TARGETED_DEVICE_FAMILY = "1,2";
			};
			name = Debug;
		};
		D09616ED1C2C1B350004C4F9 /* Release */ = {
			isa = XCBuildConfiguration;
			buildSettings = {
				ALWAYS_SEARCH_USER_PATHS = NO;
				CLANG_CXX_LANGUAGE_STANDARD = "gnu++0x";
				CLANG_CXX_LIBRARY = "libc++";
				CLANG_ENABLE_MODULES = YES;
				CLANG_ENABLE_OBJC_ARC = YES;
				CLANG_WARN_BOOL_CONVERSION = YES;
				CLANG_WARN_CONSTANT_CONVERSION = YES;
				CLANG_WARN_DIRECT_OBJC_ISA_USAGE = YES_ERROR;
				CLANG_WARN_EMPTY_BODY = YES;
				CLANG_WARN_ENUM_CONVERSION = YES;
				CLANG_WARN_INT_CONVERSION = YES;
				CLANG_WARN_OBJC_ROOT_CLASS = YES_ERROR;
				CLANG_WARN_UNREACHABLE_CODE = YES;
				CLANG_WARN__DUPLICATE_METHOD_MATCH = YES;
				"CODE_SIGN_IDENTITY[sdk=iphoneos*]" = "iPhone Developer";
				COPY_PHASE_STRIP = NO;
				DEBUG_INFORMATION_FORMAT = "dwarf-with-dsym";
				ENABLE_NS_ASSERTIONS = NO;
				ENABLE_STRICT_OBJC_MSGSEND = YES;
				GCC_C_LANGUAGE_STANDARD = gnu99;
				GCC_NO_COMMON_BLOCKS = YES;
				GCC_WARN_64_TO_32_BIT_CONVERSION = YES;
				GCC_WARN_ABOUT_RETURN_TYPE = YES_ERROR;
				GCC_WARN_UNDECLARED_SELECTOR = YES;
				GCC_WARN_UNINITIALIZED_AUTOS = YES_AGGRESSIVE;
				GCC_WARN_UNUSED_FUNCTION = YES;
				GCC_WARN_UNUSED_VARIABLE = YES;
				IPHONEOS_DEPLOYMENT_TARGET = 9.1;
				MTL_ENABLE_DEBUG_INFO = NO;
				SDKROOT = iphoneos;
				TARGETED_DEVICE_FAMILY = "1,2";
				VALIDATE_PRODUCT = YES;
			};
			name = Release;
		};
		D09616EF1C2C1B350004C4F9 /* Debug */ = {
			isa = XCBuildConfiguration;
			baseConfigurationReference = A8F5D92C8D120ADB2DF7BAE3 /* Pods-iotbeacon.debug.xcconfig */;
			buildSettings = {
				ASSETCATALOG_COMPILER_APPICON_NAME = AppIcon;
				CODE_SIGN_IDENTITY = "";
				"CODE_SIGN_IDENTITY[sdk=iphoneos*]" = "";
				ENABLE_BITCODE = NO;
				INFOPLIST_FILE = iotbeacon/Info.plist;
				IPHONEOS_DEPLOYMENT_TARGET = 9.3;
				LD_RUNPATH_SEARCH_PATHS = "$(inherited) @executable_path/Frameworks";
				LIBRARY_SEARCH_PATHS = (
					"$(inherited)",
					"$(PROJECT_DIR)/iotbeacon/ibecom",
				);
				ONLY_ACTIVE_ARCH = NO;
				OTHER_LDFLAGS = "$(inherited)";
				PRODUCT_BUNDLE_IDENTIFIER = com.nn.smartcity;
				PRODUCT_NAME = BIShop;
				PROVISIONING_PROFILE = "31db533d-83f4-41a8-9e0d-501fb2e9ee4e";
				TARGETED_DEVICE_FAMILY = "1,2";
				VALID_ARCHS = "armv7 armv7s arm64";
			};
			name = Debug;
		};
		D09616F01C2C1B350004C4F9 /* Release */ = {
			isa = XCBuildConfiguration;
			baseConfigurationReference = ED5E38DB455C0669DA11C978 /* Pods-iotbeacon.release.xcconfig */;
			buildSettings = {
				ASSETCATALOG_COMPILER_APPICON_NAME = AppIcon;
				CODE_SIGN_IDENTITY = "";
				"CODE_SIGN_IDENTITY[sdk=iphoneos*]" = "";
				ENABLE_BITCODE = NO;
				INFOPLIST_FILE = iotbeacon/Info.plist;
				IPHONEOS_DEPLOYMENT_TARGET = 9.3;
				LD_RUNPATH_SEARCH_PATHS = "$(inherited) @executable_path/Frameworks";
				LIBRARY_SEARCH_PATHS = (
					"$(inherited)",
					"$(PROJECT_DIR)/iotbeacon/ibecom",
				);
				ONLY_ACTIVE_ARCH = NO;
				OTHER_LDFLAGS = "$(inherited)";
				PRODUCT_BUNDLE_IDENTIFIER = com.nn.smartcity;
				PRODUCT_NAME = BIShop;
				PROVISIONING_PROFILE = "31db533d-83f4-41a8-9e0d-501fb2e9ee4e";
				TARGETED_DEVICE_FAMILY = "1,2";
				VALID_ARCHS = "armv7 armv7s arm64";
			};
			name = Release;
		};
/* End XCBuildConfiguration section */

/* Begin XCConfigurationList section */
		D09616D21C2C1B340004C4F9 /* Build configuration list for PBXProject "BIShop" */ = {
			isa = XCConfigurationList;
			buildConfigurations = (
				D09616EC1C2C1B350004C4F9 /* Debug */,
				D09616ED1C2C1B350004C4F9 /* Release */,
			);
			defaultConfigurationIsVisible = 0;
			defaultConfigurationName = Release;
		};
		D09616EE1C2C1B350004C4F9 /* Build configuration list for PBXNativeTarget "BIShop" */ = {
			isa = XCConfigurationList;
			buildConfigurations = (
				D09616EF1C2C1B350004C4F9 /* Debug */,
				D09616F01C2C1B350004C4F9 /* Release */,
			);
			defaultConfigurationIsVisible = 0;
			defaultConfigurationName = Release;
		};
/* End XCConfigurationList section */
	};
	rootObject = D09616CF1C2C1B340004C4F9 /* Project object */;
}
